
Microsoft Visual Studio Solution File, Format Version 12.00
# Visual Studio Version 17
VisualStudioVersion = 17.0.31903.59
MinimumVisualStudioVersion = 10.0.40219.1
Project("{9A19103F-16F7-4668-BE54-9A1E7A4F7556}") = "ReceiptCommands", "src\ReceiptCommands\ReceiptCommands.csproj", "{A454A735-FDE3-452A-8B92-CD003D44C29C}"
EndProject
Project("{9A19103F-16F7-4668-BE54-9A1E7A4F7556}") = "ReceiptCommands.Tests", "test\ReceiptCommand.Tests\ReceiptCommands.Tests.csproj", "{3B5D0D46-6EB8-43FD-B3A8-1F2A1C2A2BBC}"
EndProject
Global
	GlobalSection(SolutionConfigurationPlatforms) = preSolution
		Debug|Any CPU = Debug|Any CPU
		Release|Any CPU = Release|Any CPU
	EndGlobalSection
	GlobalSection(ProjectConfigurationPlatforms) = postSolution
		{A454A735-FDE3-452A-8B92-CD003D44C29C}.Debug|Any CPU.ActiveCfg = Debug|Any CPU
		{A454A735-FDE3-452A-8B92-CD003D44C29C}.Debug|Any CPU.Build.0 = Debug|Any CPU
		{A454A735-FDE3-452A-8B92-CD003D44C29C}.Release|Any CPU.ActiveCfg = Release|Any CPU
		{A454A735-FDE3-452A-8B92-CD003D44C29C}.Release|Any CPU.Build.0 = Release|Any CPU
		{3B5D0D46-6EB8-43FD-B3A8-1F2A1C2A2BBC}.Debug|Any CPU.ActiveCfg = Debug|Any CPU
		{3B5D0D46-6EB8-43FD-B3A8-1F2A1C2A2BBC}.Debug|Any CPU.Build.0 = Debug|Any CPU
		{3B5D0D46-6EB8-43FD-B3A8-1F2A1C2A2BBC}.Release|Any CPU.ActiveCfg = Release|Any CPU
		{3B5D0D46-6EB8-43FD-B3A8-1F2A1C2A2BBC}.Release|Any CPU.Build.0 = Release|Any CPU
	EndGlobalSection
	GlobalSection(SolutionProperties) = preSolution
		HideSolutionNode = FALSE
	EndGlobalSection
	GlobalSection(ExtensibilityGlobals) = postSolution
		SolutionGuid = {1AAF9944-B203-440B-8CE8-647B14441F56}
	EndGlobalSection
EndGlobal
