
Microsoft Visual Studio Solution File, Format Version 12.00
# Visual Studio Version 17
VisualStudioVersion = 17.4.33213.308
MinimumVisualStudioVersion = 10.0.40219.1
Project("{9A19103F-16F7-4668-BE54-9A1E7A4F7556}") = "ReceiptApp.Images.Functions", "ReceiptApp.Images\src\ReceiptApp.Images.Functions\ReceiptApp.Images.Functions.csproj", "{EE5404A6-4E76-47A9-B1DF-69841CFBF45F}"
EndProject
Project("{9A19103F-16F7-4668-BE54-9A1E7A4F7556}") = "ReceiptApp.Images.Functions.Tests", "ReceiptApp.Images\test\ReceiptApp.Images.Functions.Tests\ReceiptApp.Images.Functions.Tests.csproj", "{8A1CF66F-B852-47FE-89C9-382434144920}"
EndProject
Global
	GlobalSection(SolutionConfigurationPlatforms) = preSolution
		Debug|Any CPU = Debug|Any CPU
		Release|Any CPU = Release|Any CPU
	EndGlobalSection
	GlobalSection(ProjectConfigurationPlatforms) = postSolution
		{EE5404A6-4E76-47A9-B1DF-69841CFBF45F}.Debug|Any CPU.ActiveCfg = Debug|Any CPU
		{EE5404A6-4E76-47A9-B1DF-69841CFBF45F}.Debug|Any CPU.Build.0 = Debug|Any CPU
		{EE5404A6-4E76-47A9-B1DF-69841CFBF45F}.Release|Any CPU.ActiveCfg = Release|Any CPU
		{EE5404A6-4E76-47A9-B1DF-69841CFBF45F}.Release|Any CPU.Build.0 = Release|Any CPU
		{8A1CF66F-B852-47FE-89C9-382434144920}.Debug|Any CPU.ActiveCfg = Debug|Any CPU
		{8A1CF66F-B852-47FE-89C9-382434144920}.Debug|Any CPU.Build.0 = Debug|Any CPU
		{8A1CF66F-B852-47FE-89C9-382434144920}.Release|Any CPU.ActiveCfg = Release|Any CPU
		{8A1CF66F-B852-47FE-89C9-382434144920}.Release|Any CPU.Build.0 = Release|Any CPU
	EndGlobalSection
	GlobalSection(SolutionProperties) = preSolution
		HideSolutionNode = FALSE
	EndGlobalSection
	GlobalSection(ExtensibilityGlobals) = postSolution
		SolutionGuid = {131AF1F7-0176-4F70-B7F4-989422B26C3F}
	EndGlobalSection
EndGlobal
